
Microsoft Visual Studio Solution File, Format Version 12.00
# Visual Studio 2012
Project("{FAE04EC0-301F-11D3-BF4B-00C04F79EFBC}") = "TwitterClone.UI", "TwitterClone\TwitterClone.UI.csproj", "{CBBBC3CB-DA21-4A7F-86FF-BC083C206142}"
EndProject
Project("{FAE04EC0-301F-11D3-BF4B-00C04F79EFBC}") = "TwitterClone.BusinessAccessLayer", "TwitterClone.BusinessAccessLayer\TwitterClone.BusinessAccessLayer.csproj", "{BE0C7F9F-0020-4748-92BA-641436A7ECF2}"
EndProject
Project("{FAE04EC0-301F-11D3-BF4B-00C04F79EFBC}") = "TwitterClone.DataLayer", "TwitterClone.DataLayer\TwitterClone.DataLayer.csproj", "{39D3F04B-282D-4400-9995-498D8688C9FC}"
EndProject
Global
	GlobalSection(TeamFoundationVersionControl) = preSolution
		SccNumberOfProjects = 4
		SccEnterpriseProvider = {4CA58AB2-18FA-4F8D-95D4-32DDF27D184C}
		SccTeamFoundationServer = https://pradhap87.visualstudio.com/
		SccLocalPath0 = .
		SccProjectUniqueName1 = TwitterClone\\TwitterClone.UI.csproj
		SccProjectName1 = TwitterClone
		SccLocalPath1 = TwitterClone
		SccProjectUniqueName2 = TwitterClone.BusinessAccessLayer\\TwitterClone.BusinessAccessLayer.csproj
		SccProjectName2 = TwitterClone.BusinessAccessLayer
		SccLocalPath2 = TwitterClone.BusinessAccessLayer
		SccProjectUniqueName3 = TwitterClone.DataLayer\\TwitterClone.DataLayer.csproj
		SccProjectName3 = TwitterClone.DataLayer
		SccLocalPath3 = TwitterClone.DataLayer
	EndGlobalSection
	GlobalSection(SolutionConfigurationPlatforms) = preSolution
		Debug|Any CPU = Debug|Any CPU
		Release|Any CPU = Release|Any CPU
	EndGlobalSection
	GlobalSection(ProjectConfigurationPlatforms) = postSolution
		{CBBBC3CB-DA21-4A7F-86FF-BC083C206142}.Debug|Any CPU.ActiveCfg = Debug|Any CPU
		{CBBBC3CB-DA21-4A7F-86FF-BC083C206142}.Debug|Any CPU.Build.0 = Debug|Any CPU
		{CBBBC3CB-DA21-4A7F-86FF-BC083C206142}.Release|Any CPU.ActiveCfg = Release|Any CPU
		{CBBBC3CB-DA21-4A7F-86FF-BC083C206142}.Release|Any CPU.Build.0 = Release|Any CPU
		{BE0C7F9F-0020-4748-92BA-641436A7ECF2}.Debug|Any CPU.ActiveCfg = Debug|Any CPU
		{BE0C7F9F-0020-4748-92BA-641436A7ECF2}.Debug|Any CPU.Build.0 = Debug|Any CPU
		{BE0C7F9F-0020-4748-92BA-641436A7ECF2}.Release|Any CPU.ActiveCfg = Release|Any CPU
		{BE0C7F9F-0020-4748-92BA-641436A7ECF2}.Release|Any CPU.Build.0 = Release|Any CPU
		{39D3F04B-282D-4400-9995-498D8688C9FC}.Debug|Any CPU.ActiveCfg = Debug|Any CPU
		{39D3F04B-282D-4400-9995-498D8688C9FC}.Debug|Any CPU.Build.0 = Debug|Any CPU
		{39D3F04B-282D-4400-9995-498D8688C9FC}.Release|Any CPU.ActiveCfg = Release|Any CPU
		{39D3F04B-282D-4400-9995-498D8688C9FC}.Release|Any CPU.Build.0 = Release|Any CPU
	EndGlobalSection
	GlobalSection(SolutionProperties) = preSolution
		HideSolutionNode = FALSE
	EndGlobalSection
EndGlobal
